<?xml version="1.0" encoding="utf-8"?>
<Project ToolsVersion="4.0" xmlns="http://schemas.microsoft.com/developer/msbuild/2003">
  <ItemGroup>
    <Filter Include="ソース ファイル">
      <UniqueIdentifier>{4FC737F1-C7A5-4376-A066-2A32D752A2FF}</UniqueIdentifier>
      <Extensions>cpp;c;cc;cxx;c++;cppm;ixx;def;odl;idl;hpj;bat;asm;asmx</Extensions>
    </Filter>
    <Filter Include="ヘッダー ファイル">
      <UniqueIdentifier>{93995380-89BD-4b04-88EB-625FBE52EBFB}</UniqueIdentifier>
      <Extensions>h;hh;hpp;hxx;h++;hm;inl;inc;ipp;xsd</Extensions>
    </Filter>
    <Filter Include="リソース ファイル">
      <UniqueIdentifier>{67DA6AB6-F800-4c08-8B7A-83BB121AAD01}</UniqueIdentifier>
      <Extensions>rc;ico;cur;bmp;dlg;rc2;rct;bin;rgs;gif;jpg;jpeg;jpe;resx;tiff;tif;png;wav;mfcribbon-ms</Extensions>
    </Filter>
    <Filter Include="ソース ファイル\Main">
      <UniqueIdentifier>{c623b449-5742-441d-bb27-96b42fecb9cb}</UniqueIdentifier>
    </Filter>
    <Filter Include="ソース ファイル\Master">
      <UniqueIdentifier>{6301e29e-ef58-4e6a-b7fe-3e72e318893e}</UniqueIdentifier>
    </Filter>
    <Filter Include="ソース ファイル\Subject">
      <UniqueIdentifier>{6431e09f-68da-4d1c-bbf0-86054c622db3}</UniqueIdentifier>
    </Filter>
    <Filter Include="ソース ファイル\Object">
      <UniqueIdentifier>{6555612d-11e4-400f-8b48-29f090d88d14}</UniqueIdentifier>
    </Filter>
    <Filter Include="ソース ファイル\Effect">
      <UniqueIdentifier>{dbb454e5-f62c-4ef6-9637-be3433c9110a}</UniqueIdentifier>
    </Filter>
    <Filter Include="ソース ファイル\Ui">
      <UniqueIdentifier>{d47e86dd-58cf-4023-ba36-ddbdb23ba25a}</UniqueIdentifier>
    </Filter>
    <Filter Include="ソース ファイル\Code">
      <UniqueIdentifier>{293babf2-def9-48da-ab16-52380ab461f9}</UniqueIdentifier>
    </Filter>
    <Filter Include="ヘッダー ファイル\Main">
      <UniqueIdentifier>{dd6cdb86-9898-46a3-bf51-829013c8ef4c}</UniqueIdentifier>
    </Filter>
    <Filter Include="ヘッダー ファイル\Master">
      <UniqueIdentifier>{3b886f99-5923-4205-92cd-d36981bff3eb}</UniqueIdentifier>
    </Filter>
    <Filter Include="ヘッダー ファイル\Code">
      <UniqueIdentifier>{0e050b6b-56b1-459d-954b-64a1cd3c950f}</UniqueIdentifier>
    </Filter>
    <Filter Include="ヘッダー ファイル\Effect">
      <UniqueIdentifier>{cf75ea72-b6bb-408c-a53b-a6d188072f31}</UniqueIdentifier>
    </Filter>
    <Filter Include="ヘッダー ファイル\Ui">
      <UniqueIdentifier>{7e094d63-f745-4932-bbf3-85639fac4b78}</UniqueIdentifier>
    </Filter>
    <Filter Include="ヘッダー ファイル\Subject">
      <UniqueIdentifier>{d27b8a03-63ba-499e-923a-dadf6c191566}</UniqueIdentifier>
    </Filter>
    <Filter Include="ヘッダー ファイル\Object">
      <UniqueIdentifier>{c2d9f219-02b9-4d58-9d79-652e86abb369}</UniqueIdentifier>
    </Filter>
  </ItemGroup>
  <ItemGroup>
    <ClCompile Include="game.cpp">
      <Filter>ソース ファイル\Main</Filter>
    </ClCompile>
    <ClCompile Include="main.cpp">
      <Filter>ソース ファイル\Main</Filter>
    </ClCompile>
    <ClCompile Include="title.cpp">
      <Filter>ソース ファイル\Main</Filter>
    </ClCompile>
    <ClCompile Include="result.cpp">
      <Filter>ソース ファイル\Main</Filter>
    </ClCompile>
    <ClCompile Include="fade.cpp">
      <Filter>ソース ファイル\Master</Filter>
    </ClCompile>
    <ClCompile Include="file.cpp">
      <Filter>ソース ファイル\Master</Filter>
    </ClCompile>
    <ClCompile Include="input.cpp">
      <Filter>ソース ファイル\Master</Filter>
    </ClCompile>
    <ClCompile Include="pause.cpp">
      <Filter>ソース ファイル\Master</Filter>
    </ClCompile>
    <ClCompile Include="sound.cpp">
      <Filter>ソース ファイル\Master</Filter>
    </ClCompile>
    <ClCompile Include="effect.cpp">
      <Filter>ソース ファイル\Effect</Filter>
    </ClCompile>
    <ClCompile Include="ball.cpp">
      <Filter>ソース ファイル\Subject</Filter>
    </ClCompile>
    <ClCompile Include="wall.cpp">
      <Filter>ソース ファイル\Object</Filter>
    </ClCompile>
    <ClCompile Include="particle.cpp">
      <Filter>ソース ファイル\Effect</Filter>
    </ClCompile>
    <ClCompile Include="rotation.cpp">
      <Filter>ソース ファイル\Code</Filter>
    </ClCompile>
    <ClCompile Include="mesh.cpp">
      <Filter>ソース ファイル\Code</Filter>
    </ClCompile>
    <ClCompile Include="explosion.cpp">
      <Filter>ソース ファイル\Effect</Filter>
    </ClCompile>
    <ClCompile Include="vectorcollision.cpp">
      <Filter>ソース ファイル\Code</Filter>
    </ClCompile>
    <ClCompile Include="score.cpp">
      <Filter>ソース ファイル\Master</Filter>
    </ClCompile>
    <ClCompile Include="gamemanager.cpp">
      <Filter>ソース ファイル\Master</Filter>
    </ClCompile>
    <ClCompile Include="Back.cpp">
      <Filter>ソース ファイル\Master</Filter>
    </ClCompile>
    <ClCompile Include="timer.cpp">
      <Filter>ソース ファイル</Filter>
    </ClCompile>
  </ItemGroup>
  <ItemGroup>
    <ClInclude Include="title.h">
      <Filter>ヘッダー ファイル\Main</Filter>
    </ClInclude>
    <ClInclude Include="result.h">
      <Filter>ヘッダー ファイル\Main</Filter>
    </ClInclude>
    <ClInclude Include="game.h">
      <Filter>ヘッダー ファイル\Main</Filter>
    </ClInclude>
    <ClInclude Include="main.h">
      <Filter>ヘッダー ファイル\Main</Filter>
    </ClInclude>
    <ClInclude Include="fade.h">
      <Filter>ヘッダー ファイル\Master</Filter>
    </ClInclude>
    <ClInclude Include="file.h">
      <Filter>ヘッダー ファイル\Master</Filter>
    </ClInclude>
    <ClInclude Include="input.h">
      <Filter>ヘッダー ファイル\Master</Filter>
    </ClInclude>
    <ClInclude Include="sound.h">
      <Filter>ヘッダー ファイル\Master</Filter>
    </ClInclude>
    <ClInclude Include="mesh.h">
      <Filter>ヘッダー ファイル\Code</Filter>
    </ClInclude>
    <ClInclude Include="rotation.h">
      <Filter>ヘッダー ファイル\Code</Filter>
    </ClInclude>
    <ClInclude Include="explosion.h">
      <Filter>ヘッダー ファイル\Effect</Filter>
    </ClInclude>
    <ClInclude Include="effect.h">
      <Filter>ヘッダー ファイル\Effect</Filter>
    </ClInclude>
    <ClInclude Include="pause.h">
      <Filter>ヘッダー ファイル\Master</Filter>
    </ClInclude>
    <ClInclude Include="ball.h">
      <Filter>ヘッダー ファイル\Subject</Filter>
    </ClInclude>
    <ClInclude Include="wall.h">
      <Filter>ヘッダー ファイル\Object</Filter>
    </ClInclude>
    <ClInclude Include="score.h">
      <Filter>ヘッダー ファイル\Master</Filter>
    </ClInclude>
    <ClInclude Include="resource.h">
      <Filter>ヘッダー ファイル</Filter>
    </ClInclude>
    <ClInclude Include="gamemanager.h">
      <Filter>ヘッダー ファイル\Master</Filter>
    </ClInclude>
    <ClInclude Include="particle.h">
      <Filter>ヘッダー ファイル\Effect</Filter>
    </ClInclude>
    <ClInclude Include="vectorcollision.h">
      <Filter>ヘッダー ファイル\Code</Filter>
    </ClInclude>
    <ClInclude Include="Back.h">
      <Filter>ヘッダー ファイル\Master</Filter>
    </ClInclude>
    <ClInclude Include="timer.h">
      <Filter>ヘッダー ファイル</Filter>
    </ClInclude>
  </ItemGroup>
  <ItemGroup>
    <ResourceCompile Include="Resource.rc">
      <Filter>リソース ファイル</Filter>
    </ResourceCompile>
  </ItemGroup>
  <ItemGroup>
    <Image Include="icon1.ico">
      <Filter>リソース ファイル</Filter>
    </Image>
  </ItemGroup>
</Project>